// !$*UTF8*$!
{
	archiveVersion = 1;
	classes = {
	};
	objectVersion = 48;
	objects = {

/* Begin PBXBuildFile section */
		63404BB72001C7E800C1D182 /* SettingsViewController.swift in Sources */ = {isa = PBXBuildFile; fileRef = 63404BB62001C7E800C1D182 /* SettingsViewController.swift */; };
		637F13F11FFADAA9008BB949 /* AppDelegate.swift in Sources */ = {isa = PBXBuildFile; fileRef = 637F13F01FFADAA9008BB949 /* AppDelegate.swift */; };
		637F13F31FFADAA9008BB949 /* ViewController.swift in Sources */ = {isa = PBXBuildFile; fileRef = 637F13F21FFADAA9008BB949 /* ViewController.swift */; };
		637F13F61FFADAA9008BB949 /* Main.storyboard in Resources */ = {isa = PBXBuildFile; fileRef = 637F13F41FFADAA9008BB949 /* Main.storyboard */; };
		637F13F81FFADAA9008BB949 /* Assets.xcassets in Resources */ = {isa = PBXBuildFile; fileRef = 637F13F71FFADAA9008BB949 /* Assets.xcassets */; };
		637F13FB1FFADAA9008BB949 /* LaunchScreen.storyboard in Resources */ = {isa = PBXBuildFile; fileRef = 637F13F91FFADAA9008BB949 /* LaunchScreen.storyboard */; };
		637F14061FFADAA9008BB949 /* tipperTests.swift in Sources */ = {isa = PBXBuildFile; fileRef = 637F14051FFADAA9008BB949 /* tipperTests.swift */; };
		637F14111FFADAA9008BB949 /* tipperUITests.swift in Sources */ = {isa = PBXBuildFile; fileRef = 637F14101FFADAA9008BB949 /* tipperUITests.swift */; };
/* End PBXBuildFile section */

/* Begin PBXContainerItemProxy section */
		637F14021FFADAA9008BB949 /* PBXContainerItemProxy */ = {
			isa = PBXContainerItemProxy;
			containerPortal = 637F13E51FFADAA9008BB949 /* Project object */;
			proxyType = 1;
			remoteGlobalIDString = 637F13EC1FFADAA9008BB949;
			remoteInfo = tipper;
		};
		637F140D1FFADAA9008BB949 /* PBXContainerItemProxy */ = {
			isa = PBXContainerItemProxy;
			containerPortal = 637F13E51FFADAA9008BB949 /* Project object */;
			proxyType = 1;
			remoteGlobalIDString = 637F13EC1FFADAA9008BB949;
			remoteInfo = tipper;
		};
/* End PBXContainerItemProxy section */

/* Begin PBXFileReference section */
		63404BB62001C7E800C1D182 /* SettingsViewController.swift */ = {isa = PBXFileReference; lastKnownFileType = sourcecode.swift; path = SettingsViewController.swift; sourceTree = "<group>"; };
		637F13ED1FFADAA9008BB949 /* tipper.app */ = {isa = PBXFileReference; explicitFileType = wrapper.application; includeInIndex = 0; path = tipper.app; sourceTree = BUILT_PRODUCTS_DIR; };
		637F13F01FFADAA9008BB949 /* AppDelegate.swift */ = {isa = PBXFileReference; lastKnownFileType = sourcecode.swift; path = AppDelegate.swift; sourceTree = "<group>"; };
		637F13F21FFADAA9008BB949 /* ViewController.swift */ = {isa = PBXFileReference; lastKnownFileType = sourcecode.swift; path = ViewController.swift; sourceTree = "<group>"; };
		637F13F51FFADAA9008BB949 /* Base */ = {isa = PBXFileReference; lastKnownFileType = file.storyboard; name = Base; path = Base.lproj/Main.storyboard; sourceTree = "<group>"; };
		637F13F71FFADAA9008BB949 /* Assets.xcassets */ = {isa = PBXFileReference; lastKnownFileType = folder.assetcatalog; path = Assets.xcassets; sourceTree = "<group>"; };
		637F13FA1FFADAA9008BB949 /* Base */ = {isa = PBXFileReference; lastKnownFileType = file.storyboard; name = Base; path = Base.lproj/LaunchScreen.storyboard; sourceTree = "<group>"; };
		637F13FC1FFADAA9008BB949 /* Info.plist */ = {isa = PBXFileReference; lastKnownFileType = text.plist.xml; path = Info.plist; sourceTree = "<group>"; };
		637F14011FFADAA9008BB949 /* tipperTests.xctest */ = {isa = PBXFileReference; explicitFileType = wrapper.cfbundle; includeInIndex = 0; path = tipperTests.xctest; sourceTree = BUILT_PRODUCTS_DIR; };
		637F14051FFADAA9008BB949 /* tipperTests.swift */ = {isa = PBXFileReference; lastKnownFileType = sourcecode.swift; path = tipperTests.swift; sourceTree = "<group>"; };
		637F14071FFADAA9008BB949 /* Info.plist */ = {isa = PBXFileReference; lastKnownFileType = text.plist.xml; path = Info.plist; sourceTree = "<group>"; };
		637F140C1FFADAA9008BB949 /* tipperUITests.xctest */ = {isa = PBXFileReference; explicitFileType = wrapper.cfbundle; includeInIndex = 0; path = tipperUITests.xctest; sourceTree = BUILT_PRODUCTS_DIR; };
		637F14101FFADAA9008BB949 /* tipperUITests.swift */ = {isa = PBXFileReference; lastKnownFileType = sourcecode.swift; path = tipperUITests.swift; sourceTree = "<group>"; };
		637F14121FFADAA9008BB949 /* Info.plist */ = {isa = PBXFileReference; lastKnownFileType = text.plist.xml; path = Info.plist; sourceTree = "<group>"; };
/* End PBXFileReference section */

/* Begin PBXFrameworksBuildPhase section */
		637F13EA1FFADAA9008BB949 /* Frameworks */ = {
			isa = PBXFrameworksBuildPhase;
			buildActionMask = 2147483647;
			files = (
			);
			runOnlyForDeploymentPostprocessing = 0;
		};
		637F13FE1FFADAA9008BB949 /* Frameworks */ = {
			isa = PBXFrameworksBuildPhase;
			buildActionMask = 2147483647;
			files = (
			);
			runOnlyForDeploymentPostprocessing = 0;
		};
		637F14091FFADAA9008BB949 /* Frameworks */ = {
			isa = PBXFrameworksBuildPhase;
			buildActionMask = 2147483647;
			files = (
			);
			runOnlyForDeploymentPostprocessing = 0;
		};
/* End PBXFrameworksBuildPhase section */

/* Begin PBXGroup section */
		637F13E41FFADAA9008BB949 = {
			isa = PBXGroup;
			children = (
				637F13EF1FFADAA9008BB949 /* tipper */,
				637F14041FFADAA9008BB949 /* tipperTests */,
				637F140F1FFADAA9008BB949 /* tipperUITests */,
				637F13EE1FFADAA9008BB949 /* Products */,
			);
			sourceTree = "<group>";
		};
		637F13EE1FFADAA9008BB949 /* Products */ = {
			isa = PBXGroup;
			children = (
				637F13ED1FFADAA9008BB949 /* tipper.app */,
				637F14011FFADAA9008BB949 /* tipperTests.xctest */,
				637F140C1FFADAA9008BB949 /* tipperUITests.xctest */,
			);
			name = Products;
			sourceTree = "<group>";
		};
		637F13EF1FFADAA9008BB949 /* tipper */ = {
			isa = PBXGroup;
			children = (
				637F13F01FFADAA9008BB949 /* AppDelegate.swift */,
				637F13F21FFADAA9008BB949 /* ViewController.swift */,
				637F13F41FFADAA9008BB949 /* Main.storyboard */,
				63404BB62001C7E800C1D182 /* SettingsViewController.swift */,
				637F13F71FFADAA9008BB949 /* Assets.xcassets */,
				637F13F91FFADAA9008BB949 /* LaunchScreen.storyboard */,
				637F13FC1FFADAA9008BB949 /* Info.plist */,
			);
			path = tipper;
			sourceTree = "<group>";
		};
		637F14041FFADAA9008BB949 /* tipperTests */ = {
			isa = PBXGroup;
			children = (
				637F14051FFADAA9008BB949 /* tipperTests.swift */,
				637F14071FFADAA9008BB949 /* Info.plist */,
			);
			path = tipperTests;
			sourceTree = "<group>";
		};
		637F140F1FFADAA9008BB949 /* tipperUITests */ = {
			isa = PBXGroup;
			children = (
				637F14101FFADAA9008BB949 /* tipperUITests.swift */,
				637F14121FFADAA9008BB949 /* Info.plist */,
			);
			path = tipperUITests;
			sourceTree = "<group>";
		};
/* End PBXGroup section */

/* Begin PBXNativeTarget section */
		637F13EC1FFADAA9008BB949 /* tipper */ = {
			isa = PBXNativeTarget;
			buildConfigurationList = 637F14151FFADAA9008BB949 /* Build configuration list for PBXNativeTarget "tipper" */;
			buildPhases = (
				637F13E91FFADAA9008BB949 /* Sources */,
				637F13EA1FFADAA9008BB949 /* Frameworks */,
				637F13EB1FFADAA9008BB949 /* Resources */,
			);
			buildRules = (
			);
			dependencies = (
			);
			name = tipper;
			productName = tipper;
			productReference = 637F13ED1FFADAA9008BB949 /* tipper.app */;
			productType = "com.apple.product-type.application";
		};
		637F14001FFADAA9008BB949 /* tipperTests */ = {
			isa = PBXNativeTarget;
			buildConfigurationList = 637F14181FFADAA9008BB949 /* Build configuration list for PBXNativeTarget "tipperTests" */;
			buildPhases = (
				637F13FD1FFADAA9008BB949 /* Sources */,
				637F13FE1FFADAA9008BB949 /* Frameworks */,
				637F13FF1FFADAA9008BB949 /* Resources */,
			);
			buildRules = (
			);
			dependencies = (
				637F14031FFADAA9008BB949 /* PBXTargetDependency */,
			);
			name = tipperTests;
			productName = tipperTests;
			productReference = 637F14011FFADAA9008BB949 /* tipperTests.xctest */;
			productType = "com.apple.product-type.bundle.unit-test";
		};
		637F140B1FFADAA9008BB949 /* tipperUITests */ = {
			isa = PBXNativeTarget;
			buildConfigurationList = 637F141B1FFADAA9008BB949 /* Build configuration list for PBXNativeTarget "tipperUITests" */;
			buildPhases = (
				637F14081FFADAA9008BB949 /* Sources */,
				637F14091FFADAA9008BB949 /* Frameworks */,
				637F140A1FFADAA9008BB949 /* Resources */,
			);
			buildRules = (
			);
			dependencies = (
				637F140E1FFADAA9008BB949 /* PBXTargetDependency */,
			);
			name = tipperUITests;
			productName = tipperUITests;
			productReference = 637F140C1FFADAA9008BB949 /* tipperUITests.xctest */;
			productType = "com.apple.product-type.bundle.ui-testing";
		};
/* End PBXNativeTarget section */

/* Begin PBXProject section */
		637F13E51FFADAA9008BB949 /* Project object */ = {
			isa = PBXProject;
			attributes = {
				LastSwiftUpdateCheck = 0920;
				LastUpgradeCheck = 0920;
				ORGANIZATIONNAME = DavidTan;
				TargetAttributes = {
					637F13EC1FFADAA9008BB949 = {
						CreatedOnToolsVersion = 9.2;
						ProvisioningStyle = Automatic;
					};
					637F14001FFADAA9008BB949 = {
						CreatedOnToolsVersion = 9.2;
						ProvisioningStyle = Automatic;
						TestTargetID = 637F13EC1FFADAA9008BB949;
					};
					637F140B1FFADAA9008BB949 = {
						CreatedOnToolsVersion = 9.2;
						ProvisioningStyle = Automatic;
						TestTargetID = 637F13EC1FFADAA9008BB949;
					};
				};
			};
			buildConfigurationList = 637F13E81FFADAA9008BB949 /* Build configuration list for PBXProject "tipper" */;
			compatibilityVersion = "Xcode 8.0";
			developmentRegion = en;
			hasScannedForEncodings = 0;
			knownRegions = (
				en,
				Base,
			);
			mainGroup = 637F13E41FFADAA9008BB949;
			productRefGroup = 637F13EE1FFADAA9008BB949 /* Products */;
			projectDirPath = "";
			projectRoot = "";
			targets = (
				637F13EC1FFADAA9008BB949 /* tipper */,
				637F14001FFADAA9008BB949 /* tipperTests */,
				637F140B1FFADAA9008BB949 /* tipperUITests */,
			);
		};
/* End PBXProject section */

/* Begin PBXResourcesBuildPhase section */
		637F13EB1FFADAA9008BB949 /* Resources */ = {
			isa = PBXResourcesBuildPhase;
			buildActionMask = 2147483647;
			files = (
				637F13FB1FFADAA9008BB949 /* LaunchScreen.storyboard in Resources */,
				637F13F81FFADAA9008BB949 /* Assets.xcassets in Resources */,
				637F13F61FFADAA9008BB949 /* Main.storyboard in Resources */,
			);
			runOnlyForDeploymentPostprocessing = 0;
		};
		637F13FF1FFADAA9008BB949 /* Resources */ = {
			isa = PBXResourcesBuildPhase;
			buildActionMask = 2147483647;
			files = (
			);
			runOnlyForDeploymentPostprocessing = 0;
		};
		637F140A1FFADAA9008BB949 /* Resources */ = {
			isa = PBXResourcesBuildPhase;
			buildActionMask = 2147483647;
			files = (
			);
			runOnlyForDeploymentPostprocessing = 0;
		};
/* End PBXResourcesBuildPhase section */

/* Begin PBXSourcesBuildPhase section */
		637F13E91FFADAA9008BB949 /* Sources */ = {
			isa = PBXSourcesBuildPhase;
			buildActionMask = 2147483647;
			files = (
				637F13F31FFADAA9008BB949 /* ViewController.swift in Sources */,
				637F13F11FFADAA9008BB949 /* AppDelegate.swift in Sources */,
				63404BB72001C7E800C1D182 /* SettingsViewController.swift in Sources */,
			);
			runOnlyForDeploymentPostprocessing = 0;
		};
		637F13FD1FFADAA9008BB949 /* Sources */ = {
			isa = PBXSourcesBuildPhase;
			buildActionMask = 2147483647;
			files = (
				637F14061FFADAA9008BB949 /* tipperTests.swift in Sources */,
			);
			runOnlyForDeploymentPostprocessing = 0;
		};
		637F14081FFADAA9008BB949 /* Sources */ = {
			isa = PBXSourcesBuildPhase;
			buildActionMask = 2147483647;
			files = (
				637F14111FFADAA9008BB949 /* tipperUITests.swift in Sources */,
			);
			runOnlyForDeploymentPostprocessing = 0;
		};
/* End PBXSourcesBuildPhase section */

/* Begin PBXTargetDependency section */
		637F14031FFADAA9008BB949 /* PBXTargetDependency */ = {
			isa = PBXTargetDependency;
			target = 637F13EC1FFADAA9008BB949 /* tipper */;
			targetProxy = 637F14021FFADAA9008BB949 /* PBXContainerItemProxy */;
		};
		637F140E1FFADAA9008BB949 /* PBXTargetDependency */ = {
			isa = PBXTargetDependency;
			target = 637F13EC1FFADAA9008BB949 /* tipper */;
			targetProxy = 637F140D1FFADAA9008BB949 /* PBXContainerItemProxy */;
		};
/* End PBXTargetDependency section */

/* Begin PBXVariantGroup section */
		637F13F41FFADAA9008BB949 /* Main.storyboard */ = {
			isa = PBXVariantGroup;
			children = (
				637F13F51FFADAA9008BB949 /* Base */,
			);
			name = Main.storyboard;
			sourceTree = "<group>";
		};
		637F13F91FFADAA9008BB949 /* LaunchScreen.storyboard */ = {
			isa = PBXVariantGroup;
			children = (
				637F13FA1FFADAA9008BB949 /* Base */,
			);
			name = LaunchScreen.storyboard;
			sourceTree = "<group>";
		};
/* End PBXVariantGroup section */

/* Begin XCBuildConfiguration section */
		637F14131FFADAA9008BB949 /* Debug */ = {
			isa = XCBuildConfiguration;
			buildSettings = {
				ALWAYS_SEARCH_USER_PATHS = NO;
				CLANG_ANALYZER_NONNULL = YES;
				CLANG_ANALYZER_NUMBER_OBJECT_CONVERSION = YES_AGGRESSIVE;
				CLANG_CXX_LANGUAGE_STANDARD = "gnu++14";
				CLANG_CXX_LIBRARY = "libc++";
				CLANG_ENABLE_MODULES = YES;
				CLANG_ENABLE_OBJC_ARC = YES;
				CLANG_WARN_BLOCK_CAPTURE_AUTORELEASING = YES;
				CLANG_WARN_BOOL_CONVERSION = YES;
				CLANG_WARN_COMMA = YES;
				CLANG_WARN_CONSTANT_CONVERSION = YES;
				CLANG_WARN_DIRECT_OBJC_ISA_USAGE = YES_ERROR;
				CLANG_WARN_DOCUMENTATION_COMMENTS = YES;
				CLANG_WARN_EMPTY_BODY = YES;
				CLANG_WARN_ENUM_CONVERSION = YES;
				CLANG_WARN_INFINITE_RECURSION = YES;
				CLANG_WARN_INT_CONVERSION = YES;
				CLANG_WARN_NON_LITERAL_NULL_CONVERSION = YES;
				CLANG_WARN_OBJC_LITERAL_CONVERSION = YES;
				CLANG_WARN_OBJC_ROOT_CLASS = YES_ERROR;
				CLANG_WARN_RANGE_LOOP_ANALYSIS = YES;
				CLANG_WARN_STRICT_PROTOTYPES = YES;
				CLANG_WARN_SUSPICIOUS_MOVE = YES;
				CLANG_WARN_UNGUARDED_AVAILABILITY = YES_AGGRESSIVE;
				CLANG_WARN_UNREACHABLE_CODE = YES;
				CLANG_WARN__DUPLICATE_METHOD_MATCH = YES;
				CODE_SIGN_IDENTITY = "iPhone Developer";
				COPY_PHASE_STRIP = NO;
				DEBUG_INFORMATION_FORMAT = dwarf;
				ENABLE_STRICT_OBJC_MSGSEND = YES;
				ENABLE_TESTABILITY = YES;
				GCC_C_LANGUAGE_STANDARD = gnu11;
				GCC_DYNAMIC_NO_PIC = NO;
				GCC_NO_COMMON_BLOCKS = YES;
				GCC_OPTIMIZATION_LEVEL = 0;
				GCC_PREPROCESSOR_DEFINITIONS = (
					"DEBUG=1",
					"$(inherited)",
				);
				GCC_WARN_64_TO_32_BIT_CONVERSION = YES;
				GCC_WARN_ABOUT_RETURN_TYPE = YES_ERROR;
				GCC_WARN_UNDECLARED_SELECTOR = YES;
				GCC_WARN_UNINITIALIZED_AUTOS = YES_AGGRESSIVE;
				GCC_WARN_UNUSED_FUNCTION = YES;
				GCC_WARN_UNUSED_VARIABLE = YES;
				IPHONEOS_DEPLOYMENT_TARGET = 11.2;
				MTL_ENABLE_DEBUG_INFO = YES;
				ONLY_ACTIVE_ARCH = YES;
				SDKROOT = iphoneos;
				SWIFT_ACTIVE_COMPILATION_CONDITIONS = DEBUG;
				SWIFT_OPTIMIZATION_LEVEL = "-Onone";
			};
			name = Debug;
		};
		637F14141FFADAA9008BB949 /* Release */ = {
			isa = XCBuildConfiguration;
			buildSettings = {
				ALWAYS_SEARCH_USER_PATHS = NO;
				CLANG_ANALYZER_NONNULL = YES;
				CLANG_ANALYZER_NUMBER_OBJECT_CONVERSION = YES_AGGRESSIVE;
				CLANG_CXX_LANGUAGE_STANDARD = "gnu++14";
				CLANG_CXX_LIBRARY = "libc++";
				CLANG_ENABLE_MODULES = YES;
				CLANG_ENABLE_OBJC_ARC = YES;
				CLANG_WARN_BLOCK_CAPTURE_AUTORELEASING = YES;
				CLANG_WARN_BOOL_CONVERSION = YES;
				CLANG_WARN_COMMA = YES;
				CLANG_WARN_CONSTANT_CONVERSION = YES;
				CLANG_WARN_DIRECT_OBJC_ISA_USAGE = YES_ERROR;
				CLANG_WARN_DOCUMENTATION_COMMENTS = YES;
				CLANG_WARN_EMPTY_BODY = YES;
				CLANG_WARN_ENUM_CONVERSION = YES;
				CLANG_WARN_INFINITE_RECURSION = YES;
				CLANG_WARN_INT_CONVERSION = YES;
				CLANG_WARN_NON_LITERAL_NULL_CONVERSION = YES;
				CLANG_WARN_OBJC_LITERAL_CONVERSION = YES;
				CLANG_WARN_OBJC_ROOT_CLASS = YES_ERROR;
				CLANG_WARN_RANGE_LOOP_ANALYSIS = YES;
				CLANG_WARN_STRICT_PROTOTYPES = YES;
				CLANG_WARN_SUSPICIOUS_MOVE = YES;
				CLANG_WARN_UNGUARDED_AVAILABILITY = YES_AGGRESSIVE;
				CLANG_WARN_UNREACHABLE_CODE = YES;
				CLANG_WARN__DUPLICATE_METHOD_MATCH = YES;
				CODE_SIGN_IDENTITY = "iPhone Developer";
				COPY_PHASE_STRIP = NO;
				DEBUG_INFORMATION_FORMAT = "dwarf-with-dsym";
				ENABLE_NS_ASSERTIONS = NO;
				ENABLE_STRICT_OBJC_MSGSEND = YES;
				GCC_C_LANGUAGE_STANDARD = gnu11;
				GCC_NO_COMMON_BLOCKS = YES;
				GCC_WARN_64_TO_32_BIT_CONVERSION = YES;
				GCC_WARN_ABOUT_RETURN_TYPE = YES_ERROR;
				GCC_WARN_UNDECLARED_SELECTOR = YES;
				GCC_WARN_UNINITIALIZED_AUTOS = YES_AGGRESSIVE;
				GCC_WARN_UNUSED_FUNCTION = YES;
				GCC_WARN_UNUSED_VARIABLE = YES;
				IPHONEOS_DEPLOYMENT_TARGET = 11.2;
				MTL_ENABLE_DEBUG_INFO = NO;
				SDKROOT = iphoneos;
				SWIFT_OPTIMIZATION_LEVEL = "-Owholemodule";
				VALIDATE_PRODUCT = YES;
			};
			name = Release;
		};
		637F14161FFADAA9008BB949 /* Debug */ = {
			isa = XCBuildConfiguration;
			buildSettings = {
				ASSETCATALOG_COMPILER_APPICON_NAME = AppIcon;
				CODE_SIGN_STYLE = Automatic;
				INFOPLIST_FILE = tipper/Info.plist;
				LD_RUNPATH_SEARCH_PATHS = "$(inherited) @executable_path/Frameworks";
				PRODUCT_BUNDLE_IDENTIFIER = dave.tipper;
				PRODUCT_NAME = "$(TARGET_NAME)";
				SWIFT_VERSION = 4.0;
				TARGETED_DEVICE_FAMILY = "1,2";
			};
			name = Debug;
		};
		637F14171FFADAA9008BB949 /* Release */ = {
			isa = XCBuildConfiguration;
			buildSettings = {
				ASSETCATALOG_COMPILER_APPICON_NAME = AppIcon;
				CODE_SIGN_STYLE = Automatic;
				INFOPLIST_FILE = tipper/Info.plist;
				LD_RUNPATH_SEARCH_PATHS = "$(inherited) @executable_path/Frameworks";
				PRODUCT_BUNDLE_IDENTIFIER = dave.tipper;
				PRODUCT_NAME = "$(TARGET_NAME)";
				SWIFT_VERSION = 4.0;
				TARGETED_DEVICE_FAMILY = "1,2";
			};
			name = Release;
		};
		637F14191FFADAA9008BB949 /* Debug */ = {
			isa = XCBuildConfiguration;
			buildSettings = {
				ALWAYS_EMBED_SWIFT_STANDARD_LIBRARIES = YES;
				BUNDLE_LOADER = "$(TEST_HOST)";
				CODE_SIGN_STYLE = Automatic;
				INFOPLIST_FILE = tipperTests/Info.plist;
				LD_RUNPATH_SEARCH_PATHS = "$(inherited) @executable_path/Frameworks @loader_path/Frameworks";
				PRODUCT_BUNDLE_IDENTIFIER = dave.tipperTests;
				PRODUCT_NAME = "$(TARGET_NAME)";
				SWIFT_VERSION = 4.0;
				TARGETED_DEVICE_FAMILY = "1,2";
				TEST_HOST = "$(BUILT_PRODUCTS_DIR)/tipper.app/tipper";
			};
			name = Debug;
		};
		637F141A1FFADAA9008BB949 /* Release */ = {
			isa = XCBuildConfiguration;
			buildSettings = {
				ALWAYS_EMBED_SWIFT_STANDARD_LIBRARIES = YES;
				BUNDLE_LOADER = "$(TEST_HOST)";
				CODE_SIGN_STYLE = Automatic;
				INFOPLIST_FILE = tipperTests/Info.plist;
				LD_RUNPATH_SEARCH_PATHS = "$(inherited) @executable_path/Frameworks @loader_path/Frameworks";
				PRODUCT_BUNDLE_IDENTIFIER = dave.tipperTests;
				PRODUCT_NAME = "$(TARGET_NAME)";
				SWIFT_VERSION = 4.0;
				TARGETED_DEVICE_FAMILY = "1,2";
				TEST_HOST = "$(BUILT_PRODUCTS_DIR)/tipper.app/tipper";
			};
			name = Release;
		};
		637F141C1FFADAA9008BB949 /* Debug */ = {
			isa = XCBuildConfiguration;
			buildSettings = {
				ALWAYS_EMBED_SWIFT_STANDARD_LIBRARIES = YES;
				CODE_SIGN_STYLE = Automatic;
				INFOPLIST_FILE = tipperUITests/Info.plist;
				LD_RUNPATH_SEARCH_PATHS = "$(inherited) @executable_path/Frameworks @loader_path/Frameworks";
				PRODUCT_BUNDLE_IDENTIFIER = dave.tipperUITests;
				PRODUCT_NAME = "$(TARGET_NAME)";
				SWIFT_VERSION = 4.0;
				TARGETED_DEVICE_FAMILY = "1,2";
				TEST_TARGET_NAME = tipper;
			};
			name = Debug;
		};
		637F141D1FFADAA9008BB949 /* Release */ = {
			isa = XCBuildConfiguration;
			buildSettings = {
				ALWAYS_EMBED_SWIFT_STANDARD_LIBRARIES = YES;
				CODE_SIGN_STYLE = Automatic;
				INFOPLIST_FILE = tipperUITests/Info.plist;
				LD_RUNPATH_SEARCH_PATHS = "$(inherited) @executable_path/Frameworks @loader_path/Frameworks";
				PRODUCT_BUNDLE_IDENTIFIER = dave.tipperUITests;
				PRODUCT_NAME = "$(TARGET_NAME)";
				SWIFT_VERSION = 4.0;
				TARGETED_DEVICE_FAMILY = "1,2";
				TEST_TARGET_NAME = tipper;
			};
			name = Release;
		};
/* End XCBuildConfiguration section */

/* Begin XCConfigurationList section */
		637F13E81FFADAA9008BB949 /* Build configuration list for PBXProject "tipper" */ = {
			isa = XCConfigurationList;
			buildConfigurations = (
				637F14131FFADAA9008BB949 /* Debug */,
				637F14141FFADAA9008BB949 /* Release */,
			);
			defaultConfigurationIsVisible = 0;
			defaultConfigurationName = Release;
		};
		637F14151FFADAA9008BB949 /* Build configuration list for PBXNativeTarget "tipper" */ = {
			isa = XCConfigurationList;
			buildConfigurations = (
				637F14161FFADAA9008BB949 /* Debug */,
				637F14171FFADAA9008BB949 /* Release */,
			);
			defaultConfigurationIsVisible = 0;
			defaultConfigurationName = Release;
		};
		637F14181FFADAA9008BB949 /* Build configuration list for PBXNativeTarget "tipperTests" */ = {
			isa = XCConfigurationList;
			buildConfigurations = (
				637F14191FFADAA9008BB949 /* Debug */,
				637F141A1FFADAA9008BB949 /* Release */,
			);
			defaultConfigurationIsVisible = 0;
			defaultConfigurationName = Release;
		};
		637F141B1FFADAA9008BB949 /* Build configuration list for PBXNativeTarget "tipperUITests" */ = {
			isa = XCConfigurationList;
			buildConfigurations = (
				637F141C1FFADAA9008BB949 /* Debug */,
				637F141D1FFADAA9008BB949 /* Release */,
			);
			defaultConfigurationIsVisible = 0;
			defaultConfigurationName = Release;
		};
/* End XCConfigurationList section */
	};
	rootObject = 637F13E51FFADAA9008BB949 /* Project object */;
}
